
Microsoft Visual Studio Solution File, Format Version 12.00
# Visual Studio 15
Project("{FAE04EC0-301F-11D3-BF4B-00C04F79EFBC}") = "RobotGame", "RobotGame.csproj", "{720E54D4-9CB5-5164-9F64-500DAE79C4A3}"
EndProject
Project("{FAE04EC0-301F-11D3-BF4B-00C04F79EFBC}") = "RobotGame.Editor", "RobotGame.Editor.csproj", "{FB0AD72F-74AC-5A91-AA39-9A1FF344D8D6}"
EndProject
Global
	GlobalSection(SolutionConfigurationPlatforms) = preSolution
		Debug|Any CPU = Debug|Any CPU
		Release|Any CPU = Release|Any CPU
	EndGlobalSection
	GlobalSection(ProjectConfigurationPlatforms) = postSolution
		{720E54D4-9CB5-5164-9F64-500DAE79C4A3}.Debug|Any CPU.ActiveCfg = Debug|Any CPU
		{720E54D4-9CB5-5164-9F64-500DAE79C4A3}.Debug|Any CPU.Build.0 = Debug|Any CPU
		{720E54D4-9CB5-5164-9F64-500DAE79C4A3}.Release|Any CPU.ActiveCfg = Release|Any CPU
		{720E54D4-9CB5-5164-9F64-500DAE79C4A3}.Release|Any CPU.Build.0 = Release|Any CPU
		{FB0AD72F-74AC-5A91-AA39-9A1FF344D8D6}.Debug|Any CPU.ActiveCfg = Debug|Any CPU
		{FB0AD72F-74AC-5A91-AA39-9A1FF344D8D6}.Debug|Any CPU.Build.0 = Debug|Any CPU
		{FB0AD72F-74AC-5A91-AA39-9A1FF344D8D6}.Release|Any CPU.ActiveCfg = Release|Any CPU
		{FB0AD72F-74AC-5A91-AA39-9A1FF344D8D6}.Release|Any CPU.Build.0 = Release|Any CPU
	EndGlobalSection
	GlobalSection(SolutionProperties) = preSolution
		HideSolutionNode = FALSE
	EndGlobalSection
EndGlobal
